// !$*UTF8*$!
{
	archiveVersion = 1;
	classes = {
	};
	objectVersion = 55;
	objects = {

/* Begin PBXBuildFile section */
		04050F9227E8E1CC00396D9D /* AppDelegate.swift in Sources */ = {isa = PBXBuildFile; fileRef = 04050F9127E8E1CC00396D9D /* AppDelegate.swift */; };
		04050F9427E8E1CC00396D9D /* SceneDelegate.swift in Sources */ = {isa = PBXBuildFile; fileRef = 04050F9327E8E1CC00396D9D /* SceneDelegate.swift */; };
		04050F9627E8E1CC00396D9D /* RegisterViewController.swift in Sources */ = {isa = PBXBuildFile; fileRef = 04050F9527E8E1CC00396D9D /* RegisterViewController.swift */; };
		04050F9B27E8E1CE00396D9D /* Assets.xcassets in Resources */ = {isa = PBXBuildFile; fileRef = 04050F9A27E8E1CE00396D9D /* Assets.xcassets */; };
		04050F9E27E8E1CE00396D9D /* LaunchScreen.storyboard in Resources */ = {isa = PBXBuildFile; fileRef = 04050F9C27E8E1CE00396D9D /* LaunchScreen.storyboard */; };
		04050FC227E8E79A00396D9D /* LoginViewController.swift in Sources */ = {isa = PBXBuildFile; fileRef = 04050FC127E8E79A00396D9D /* LoginViewController.swift */; };
		045A3C0B27EBD1F600B16DE0 /* Json.json in Resources */ = {isa = PBXBuildFile; fileRef = 045A3C0A27EBD1F600B16DE0 /* Json.json */; };
		04A61FF827ED31160016A0FE /* MainTabBarViewControllerTests.swift in Sources */ = {isa = PBXBuildFile; fileRef = 04A61FF727ED31160016A0FE /* MainTabBarViewControllerTests.swift */; };
		04D5CEB027E919EF0067043F /* MainTabBarViewController.swift in Sources */ = {isa = PBXBuildFile; fileRef = 04D5CEAF27E919EF0067043F /* MainTabBarViewController.swift */; };
		04D5CEB227E91A2E0067043F /* HomeViewController.swift in Sources */ = {isa = PBXBuildFile; fileRef = 04D5CEB127E91A2E0067043F /* HomeViewController.swift */; };
		04D5CEB427E91A3C0067043F /* BookmarkViewController.swift in Sources */ = {isa = PBXBuildFile; fileRef = 04D5CEB327E91A3C0067043F /* BookmarkViewController.swift */; };
		04D5CEB627E91A4C0067043F /* NotificationViewController.swift in Sources */ = {isa = PBXBuildFile; fileRef = 04D5CEB527E91A4C0067043F /* NotificationViewController.swift */; };
		04D5CEB827E91A570067043F /* MoreViewController.swift in Sources */ = {isa = PBXBuildFile; fileRef = 04D5CEB727E91A570067043F /* MoreViewController.swift */; };
		04D5CEBC27E91C9D0067043F /* UITextFieldExtension.swift in Sources */ = {isa = PBXBuildFile; fileRef = 04D5CEBB27E91C9D0067043F /* UITextFieldExtension.swift */; };
		04D5CEC227E9269F0067043F /* GreenButton.swift in Sources */ = {isa = PBXBuildFile; fileRef = 04D5CEC127E9269F0067043F /* GreenButton.swift */; };
		04D5CEC427E9288C0067043F /* GoogleAndFacebook.swift in Sources */ = {isa = PBXBuildFile; fileRef = 04D5CEC327E9288C0067043F /* GoogleAndFacebook.swift */; };
		04D5CEC627E9BD770067043F /* StringExtension.swift in Sources */ = {isa = PBXBuildFile; fileRef = 04D5CEC527E9BD770067043F /* StringExtension.swift */; };
		04D5CED427EB49B00067043F /* PicksCollectionViewCell.swift in Sources */ = {isa = PBXBuildFile; fileRef = 04D5CED327EB49B00067043F /* PicksCollectionViewCell.swift */; };
		04D5CED627EB5A790067043F /* APIResponse.swift in Sources */ = {isa = PBXBuildFile; fileRef = 04D5CED527EB5A790067043F /* APIResponse.swift */; };
/* End PBXBuildFile section */

/* Begin PBXContainerItemProxy section */
		04050FA527E8E1CE00396D9D /* PBXContainerItemProxy */ = {
			isa = PBXContainerItemProxy;
			containerPortal = 04050F8627E8E1CC00396D9D /* Project object */;
			proxyType = 1;
			remoteGlobalIDString = 04050F8D27E8E1CC00396D9D;
			remoteInfo = TeesasApp;
		};
/* End PBXContainerItemProxy section */

/* Begin PBXFileReference section */
		04050F8E27E8E1CC00396D9D /* TeesasApp.app */ = {isa = PBXFileReference; explicitFileType = wrapper.application; includeInIndex = 0; path = TeesasApp.app; sourceTree = BUILT_PRODUCTS_DIR; };
		04050F9127E8E1CC00396D9D /* AppDelegate.swift */ = {isa = PBXFileReference; lastKnownFileType = sourcecode.swift; path = AppDelegate.swift; sourceTree = "<group>"; };
		04050F9327E8E1CC00396D9D /* SceneDelegate.swift */ = {isa = PBXFileReference; lastKnownFileType = sourcecode.swift; path = SceneDelegate.swift; sourceTree = "<group>"; };
		04050F9527E8E1CC00396D9D /* RegisterViewController.swift */ = {isa = PBXFileReference; lastKnownFileType = sourcecode.swift; path = RegisterViewController.swift; sourceTree = "<group>"; };
		04050F9A27E8E1CE00396D9D /* Assets.xcassets */ = {isa = PBXFileReference; lastKnownFileType = folder.assetcatalog; path = Assets.xcassets; sourceTree = "<group>"; };
		04050F9D27E8E1CE00396D9D /* Base */ = {isa = PBXFileReference; lastKnownFileType = file.storyboard; name = Base; path = Base.lproj/LaunchScreen.storyboard; sourceTree = "<group>"; };
		04050F9F27E8E1CE00396D9D /* Info.plist */ = {isa = PBXFileReference; lastKnownFileType = text.plist.xml; path = Info.plist; sourceTree = "<group>"; };
		04050FA427E8E1CE00396D9D /* TeesasAppTests.xctest */ = {isa = PBXFileReference; explicitFileType = wrapper.cfbundle; includeInIndex = 0; path = TeesasAppTests.xctest; sourceTree = BUILT_PRODUCTS_DIR; };
		04050FC127E8E79A00396D9D /* LoginViewController.swift */ = {isa = PBXFileReference; lastKnownFileType = sourcecode.swift; path = LoginViewController.swift; sourceTree = "<group>"; };
		045A3C0A27EBD1F600B16DE0 /* Json.json */ = {isa = PBXFileReference; lastKnownFileType = text.json; path = Json.json; sourceTree = "<group>"; };
		04A61FF727ED31160016A0FE /* MainTabBarViewControllerTests.swift */ = {isa = PBXFileReference; lastKnownFileType = sourcecode.swift; path = MainTabBarViewControllerTests.swift; sourceTree = "<group>"; };
		04D5CEAF27E919EF0067043F /* MainTabBarViewController.swift */ = {isa = PBXFileReference; lastKnownFileType = sourcecode.swift; path = MainTabBarViewController.swift; sourceTree = "<group>"; };
		04D5CEB127E91A2E0067043F /* HomeViewController.swift */ = {isa = PBXFileReference; lastKnownFileType = sourcecode.swift; path = HomeViewController.swift; sourceTree = "<group>"; };
		04D5CEB327E91A3C0067043F /* BookmarkViewController.swift */ = {isa = PBXFileReference; lastKnownFileType = sourcecode.swift; path = BookmarkViewController.swift; sourceTree = "<group>"; };
		04D5CEB527E91A4C0067043F /* NotificationViewController.swift */ = {isa = PBXFileReference; lastKnownFileType = sourcecode.swift; path = NotificationViewController.swift; sourceTree = "<group>"; };
		04D5CEB727E91A570067043F /* MoreViewController.swift */ = {isa = PBXFileReference; lastKnownFileType = sourcecode.swift; path = MoreViewController.swift; sourceTree = "<group>"; };
		04D5CEBB27E91C9D0067043F /* UITextFieldExtension.swift */ = {isa = PBXFileReference; lastKnownFileType = sourcecode.swift; path = UITextFieldExtension.swift; sourceTree = "<group>"; };
		04D5CEC127E9269F0067043F /* GreenButton.swift */ = {isa = PBXFileReference; lastKnownFileType = sourcecode.swift; path = GreenButton.swift; sourceTree = "<group>"; };
		04D5CEC327E9288C0067043F /* GoogleAndFacebook.swift */ = {isa = PBXFileReference; lastKnownFileType = sourcecode.swift; path = GoogleAndFacebook.swift; sourceTree = "<group>"; };
		04D5CEC527E9BD770067043F /* StringExtension.swift */ = {isa = PBXFileReference; lastKnownFileType = sourcecode.swift; path = StringExtension.swift; sourceTree = "<group>"; };
		04D5CED327EB49B00067043F /* PicksCollectionViewCell.swift */ = {isa = PBXFileReference; lastKnownFileType = sourcecode.swift; path = PicksCollectionViewCell.swift; sourceTree = "<group>"; };
		04D5CED527EB5A790067043F /* APIResponse.swift */ = {isa = PBXFileReference; lastKnownFileType = sourcecode.swift; path = APIResponse.swift; sourceTree = "<group>"; };
/* End PBXFileReference section */

/* Begin PBXFrameworksBuildPhase section */
		04050F8B27E8E1CC00396D9D /* Frameworks */ = {
			isa = PBXFrameworksBuildPhase;
			buildActionMask = 2147483647;
			files = (
			);
			runOnlyForDeploymentPostprocessing = 0;
		};
		04050FA127E8E1CE00396D9D /* Frameworks */ = {
			isa = PBXFrameworksBuildPhase;
			buildActionMask = 2147483647;
			files = (
			);
			runOnlyForDeploymentPostprocessing = 0;
		};
/* End PBXFrameworksBuildPhase section */

/* Begin PBXGroup section */
		04050F8527E8E1CC00396D9D = {
			isa = PBXGroup;
			children = (
				04050F9027E8E1CC00396D9D /* TeesasApp */,
				04050FA727E8E1CE00396D9D /* TeesasAppTests */,
				04050F8F27E8E1CC00396D9D /* Products */,
			);
			sourceTree = "<group>";
		};
		04050F8F27E8E1CC00396D9D /* Products */ = {
			isa = PBXGroup;
			children = (
				04050F8E27E8E1CC00396D9D /* TeesasApp.app */,
				04050FA427E8E1CE00396D9D /* TeesasAppTests.xctest */,
			);
			name = Products;
			sourceTree = "<group>";
		};
		04050F9027E8E1CC00396D9D /* TeesasApp */ = {
			isa = PBXGroup;
			children = (
				04D5CEC027E926820067043F /* Reusables */,
				04D5CEBA27E91C7F0067043F /* Extension */,
				04D5CEBE27E91D9E0067043F /* Delegates */,
				04D5CEBF27E91DC40067043F /* ViewControllers */,
				04D5CEBD27E91D670067043F /* LaunchScreen */,
				04050F9F27E8E1CE00396D9D /* Info.plist */,
				04050F9A27E8E1CE00396D9D /* Assets.xcassets */,
			);
			path = TeesasApp;
			sourceTree = "<group>";
		};
		04050FA727E8E1CE00396D9D /* TeesasAppTests */ = {
			isa = PBXGroup;
			children = (
				04A61FF727ED31160016A0FE /* MainTabBarViewControllerTests.swift */,
			);
			path = TeesasAppTests;
			sourceTree = "<group>";
		};
		04D5CEB927E91B270067043F /* Dashboard */ = {
			isa = PBXGroup;
			children = (
				04D5CEAF27E919EF0067043F /* MainTabBarViewController.swift */,
				04D5CEB127E91A2E0067043F /* HomeViewController.swift */,
				04D5CEB327E91A3C0067043F /* BookmarkViewController.swift */,
				04D5CEB527E91A4C0067043F /* NotificationViewController.swift */,
				04D5CEB727E91A570067043F /* MoreViewController.swift */,
				04D5CED327EB49B00067043F /* PicksCollectionViewCell.swift */,
				045A3C0A27EBD1F600B16DE0 /* Json.json */,
			);
			path = Dashboard;
			sourceTree = "<group>";
		};
		04D5CEBA27E91C7F0067043F /* Extension */ = {
			isa = PBXGroup;
			children = (
				04D5CEBB27E91C9D0067043F /* UITextFieldExtension.swift */,
				04D5CEC527E9BD770067043F /* StringExtension.swift */,
			);
			path = Extension;
			sourceTree = "<group>";
		};
		04D5CEBD27E91D670067043F /* LaunchScreen */ = {
			isa = PBXGroup;
			children = (
				04050F9C27E8E1CE00396D9D /* LaunchScreen.storyboard */,
			);
			path = LaunchScreen;
			sourceTree = "<group>";
		};
		04D5CEBE27E91D9E0067043F /* Delegates */ = {
			isa = PBXGroup;
			children = (
				04050F9127E8E1CC00396D9D /* AppDelegate.swift */,
				04050F9327E8E1CC00396D9D /* SceneDelegate.swift */,
			);
			path = Delegates;
			sourceTree = "<group>";
		};
		04D5CEBF27E91DC40067043F /* ViewControllers */ = {
			isa = PBXGroup;
			children = (
				04D5CEB927E91B270067043F /* Dashboard */,
				04050F9527E8E1CC00396D9D /* RegisterViewController.swift */,
				04D5CED527EB5A790067043F /* APIResponse.swift */,
				04050FC127E8E79A00396D9D /* LoginViewController.swift */,
			);
			path = ViewControllers;
			sourceTree = "<group>";
		};
		04D5CEC027E926820067043F /* Reusables */ = {
			isa = PBXGroup;
			children = (
				04D5CEC127E9269F0067043F /* GreenButton.swift */,
				04D5CEC327E9288C0067043F /* GoogleAndFacebook.swift */,
			);
			path = Reusables;
			sourceTree = "<group>";
		};
/* End PBXGroup section */

/* Begin PBXNativeTarget section */
		04050F8D27E8E1CC00396D9D /* TeesasApp */ = {
			isa = PBXNativeTarget;
			buildConfigurationList = 04050FB827E8E1CE00396D9D /* Build configuration list for PBXNativeTarget "TeesasApp" */;
			buildPhases = (
				04050F8A27E8E1CC00396D9D /* Sources */,
				04050F8B27E8E1CC00396D9D /* Frameworks */,
				04050F8C27E8E1CC00396D9D /* Resources */,
			);
			buildRules = (
			);
			dependencies = (
			);
			name = TeesasApp;
			productName = TeesasApp;
			productReference = 04050F8E27E8E1CC00396D9D /* TeesasApp.app */;
			productType = "com.apple.product-type.application";
		};
		04050FA327E8E1CE00396D9D /* TeesasAppTests */ = {
			isa = PBXNativeTarget;
			buildConfigurationList = 04050FBB27E8E1CE00396D9D /* Build configuration list for PBXNativeTarget "TeesasAppTests" */;
			buildPhases = (
				04050FA027E8E1CE00396D9D /* Sources */,
				04050FA127E8E1CE00396D9D /* Frameworks */,
				04050FA227E8E1CE00396D9D /* Resources */,
			);
			buildRules = (
			);
			dependencies = (
				04050FA627E8E1CE00396D9D /* PBXTargetDependency */,
			);
			name = TeesasAppTests;
			productName = TeesasAppTests;
			productReference = 04050FA427E8E1CE00396D9D /* TeesasAppTests.xctest */;
			productType = "com.apple.product-type.bundle.unit-test";
		};
/* End PBXNativeTarget section */

/* Begin PBXProject section */
		04050F8627E8E1CC00396D9D /* Project object */ = {
			isa = PBXProject;
			attributes = {
				BuildIndependentTargetsInParallel = 1;
				LastSwiftUpdateCheck = 1320;
				LastUpgradeCheck = 1320;
				TargetAttributes = {
					04050F8D27E8E1CC00396D9D = {
						CreatedOnToolsVersion = 13.2.1;
					};
					04050FA327E8E1CE00396D9D = {
						CreatedOnToolsVersion = 13.2.1;
						TestTargetID = 04050F8D27E8E1CC00396D9D;
					};
				};
			};
			buildConfigurationList = 04050F8927E8E1CC00396D9D /* Build configuration list for PBXProject "TeesasApp" */;
			compatibilityVersion = "Xcode 13.0";
			developmentRegion = en;
			hasScannedForEncodings = 0;
			knownRegions = (
				en,
				Base,
			);
			mainGroup = 04050F8527E8E1CC00396D9D;
			productRefGroup = 04050F8F27E8E1CC00396D9D /* Products */;
			projectDirPath = "";
			projectRoot = "";
			targets = (
				04050F8D27E8E1CC00396D9D /* TeesasApp */,
				04050FA327E8E1CE00396D9D /* TeesasAppTests */,
			);
		};
/* End PBXProject section */

/* Begin PBXResourcesBuildPhase section */
		04050F8C27E8E1CC00396D9D /* Resources */ = {
			isa = PBXResourcesBuildPhase;
			buildActionMask = 2147483647;
			files = (
				04050F9E27E8E1CE00396D9D /* LaunchScreen.storyboard in Resources */,
				045A3C0B27EBD1F600B16DE0 /* Json.json in Resources */,
				04050F9B27E8E1CE00396D9D /* Assets.xcassets in Resources */,
			);
			runOnlyForDeploymentPostprocessing = 0;
		};
		04050FA227E8E1CE00396D9D /* Resources */ = {
			isa = PBXResourcesBuildPhase;
			buildActionMask = 2147483647;
			files = (
			);
			runOnlyForDeploymentPostprocessing = 0;
		};
/* End PBXResourcesBuildPhase section */

/* Begin PBXSourcesBuildPhase section */
		04050F8A27E8E1CC00396D9D /* Sources */ = {
			isa = PBXSourcesBuildPhase;
			buildActionMask = 2147483647;
			files = (
				04D5CEC427E9288C0067043F /* GoogleAndFacebook.swift in Sources */,
				04D5CED427EB49B00067043F /* PicksCollectionViewCell.swift in Sources */,
				04D5CEB827E91A570067043F /* MoreViewController.swift in Sources */,
				04D5CEB027E919EF0067043F /* MainTabBarViewController.swift in Sources */,
				04D5CEC227E9269F0067043F /* GreenButton.swift in Sources */,
				04050FC227E8E79A00396D9D /* LoginViewController.swift in Sources */,
				04D5CEB627E91A4C0067043F /* NotificationViewController.swift in Sources */,
				04050F9627E8E1CC00396D9D /* RegisterViewController.swift in Sources */,
				04D5CED627EB5A790067043F /* APIResponse.swift in Sources */,
				04D5CEBC27E91C9D0067043F /* UITextFieldExtension.swift in Sources */,
				04D5CEB427E91A3C0067043F /* BookmarkViewController.swift in Sources */,
				04050F9227E8E1CC00396D9D /* AppDelegate.swift in Sources */,
				04050F9427E8E1CC00396D9D /* SceneDelegate.swift in Sources */,
				04D5CEC627E9BD770067043F /* StringExtension.swift in Sources */,
				04D5CEB227E91A2E0067043F /* HomeViewController.swift in Sources */,
			);
			runOnlyForDeploymentPostprocessing = 0;
		};
		04050FA027E8E1CE00396D9D /* Sources */ = {
			isa = PBXSourcesBuildPhase;
			buildActionMask = 2147483647;
			files = (
				04A61FF827ED31160016A0FE /* MainTabBarViewControllerTests.swift in Sources */,
			);
			runOnlyForDeploymentPostprocessing = 0;
		};
/* End PBXSourcesBuildPhase section */

/* Begin PBXTargetDependency section */
		04050FA627E8E1CE00396D9D /* PBXTargetDependency */ = {
			isa = PBXTargetDependency;
			target = 04050F8D27E8E1CC00396D9D /* TeesasApp */;
			targetProxy = 04050FA527E8E1CE00396D9D /* PBXContainerItemProxy */;
		};
/* End PBXTargetDependency section */

/* Begin PBXVariantGroup section */
		04050F9C27E8E1CE00396D9D /* LaunchScreen.storyboard */ = {
			isa = PBXVariantGroup;
			children = (
				04050F9D27E8E1CE00396D9D /* Base */,
			);
			name = LaunchScreen.storyboard;
			sourceTree = "<group>";
		};
/* End PBXVariantGroup section */

/* Begin XCBuildConfiguration section */
		04050FB627E8E1CE00396D9D /* Debug */ = {
			isa = XCBuildConfiguration;
			buildSettings = {
				ALWAYS_SEARCH_USER_PATHS = NO;
				CLANG_ANALYZER_NONNULL = YES;
				CLANG_ANALYZER_NUMBER_OBJECT_CONVERSION = YES_AGGRESSIVE;
				CLANG_CXX_LANGUAGE_STANDARD = "gnu++17";
				CLANG_CXX_LIBRARY = "libc++";
				CLANG_ENABLE_MODULES = YES;
				CLANG_ENABLE_OBJC_ARC = YES;
				CLANG_ENABLE_OBJC_WEAK = YES;
				CLANG_WARN_BLOCK_CAPTURE_AUTORELEASING = YES;
				CLANG_WARN_BOOL_CONVERSION = YES;
				CLANG_WARN_COMMA = YES;
				CLANG_WARN_CONSTANT_CONVERSION = YES;
				CLANG_WARN_DEPRECATED_OBJC_IMPLEMENTATIONS = YES;
				CLANG_WARN_DIRECT_OBJC_ISA_USAGE = YES_ERROR;
				CLANG_WARN_DOCUMENTATION_COMMENTS = YES;
				CLANG_WARN_EMPTY_BODY = YES;
				CLANG_WARN_ENUM_CONVERSION = YES;
				CLANG_WARN_INFINITE_RECURSION = YES;
				CLANG_WARN_INT_CONVERSION = YES;
				CLANG_WARN_NON_LITERAL_NULL_CONVERSION = YES;
				CLANG_WARN_OBJC_IMPLICIT_RETAIN_SELF = YES;
				CLANG_WARN_OBJC_LITERAL_CONVERSION = YES;
				CLANG_WARN_OBJC_ROOT_CLASS = YES_ERROR;
				CLANG_WARN_QUOTED_INCLUDE_IN_FRAMEWORK_HEADER = YES;
				CLANG_WARN_RANGE_LOOP_ANALYSIS = YES;
				CLANG_WARN_STRICT_PROTOTYPES = YES;
				CLANG_WARN_SUSPICIOUS_MOVE = YES;
				CLANG_WARN_UNGUARDED_AVAILABILITY = YES_AGGRESSIVE;
				CLANG_WARN_UNREACHABLE_CODE = YES;
				CLANG_WARN__DUPLICATE_METHOD_MATCH = YES;
				COPY_PHASE_STRIP = NO;
				DEBUG_INFORMATION_FORMAT = dwarf;
				ENABLE_STRICT_OBJC_MSGSEND = YES;
				ENABLE_TESTABILITY = YES;
				GCC_C_LANGUAGE_STANDARD = gnu11;
				GCC_DYNAMIC_NO_PIC = NO;
				GCC_NO_COMMON_BLOCKS = YES;
				GCC_OPTIMIZATION_LEVEL = 0;
				GCC_PREPROCESSOR_DEFINITIONS = (
					"DEBUG=1",
					"$(inherited)",
				);
				GCC_WARN_64_TO_32_BIT_CONVERSION = YES;
				GCC_WARN_ABOUT_RETURN_TYPE = YES_ERROR;
				GCC_WARN_UNDECLARED_SELECTOR = YES;
				GCC_WARN_UNINITIALIZED_AUTOS = YES_AGGRESSIVE;
				GCC_WARN_UNUSED_FUNCTION = YES;
				GCC_WARN_UNUSED_VARIABLE = YES;
				IPHONEOS_DEPLOYMENT_TARGET = 15.2;
				MTL_ENABLE_DEBUG_INFO = INCLUDE_SOURCE;
				MTL_FAST_MATH = YES;
				ONLY_ACTIVE_ARCH = YES;
				SDKROOT = iphoneos;
				SWIFT_ACTIVE_COMPILATION_CONDITIONS = DEBUG;
				SWIFT_OPTIMIZATION_LEVEL = "-Onone";
			};
			name = Debug;
		};
		04050FB727E8E1CE00396D9D /* Release */ = {
			isa = XCBuildConfiguration;
			buildSettings = {
				ALWAYS_SEARCH_USER_PATHS = NO;
				CLANG_ANALYZER_NONNULL = YES;
				CLANG_ANALYZER_NUMBER_OBJECT_CONVERSION = YES_AGGRESSIVE;
				CLANG_CXX_LANGUAGE_STANDARD = "gnu++17";
				CLANG_CXX_LIBRARY = "libc++";
				CLANG_ENABLE_MODULES = YES;
				CLANG_ENABLE_OBJC_ARC = YES;
				CLANG_ENABLE_OBJC_WEAK = YES;
				CLANG_WARN_BLOCK_CAPTURE_AUTORELEASING = YES;
				CLANG_WARN_BOOL_CONVERSION = YES;
				CLANG_WARN_COMMA = YES;
				CLANG_WARN_CONSTANT_CONVERSION = YES;
				CLANG_WARN_DEPRECATED_OBJC_IMPLEMENTATIONS = YES;
				CLANG_WARN_DIRECT_OBJC_ISA_USAGE = YES_ERROR;
				CLANG_WARN_DOCUMENTATION_COMMENTS = YES;
				CLANG_WARN_EMPTY_BODY = YES;
				CLANG_WARN_ENUM_CONVERSION = YES;
				CLANG_WARN_INFINITE_RECURSION = YES;
				CLANG_WARN_INT_CONVERSION = YES;
				CLANG_WARN_NON_LITERAL_NULL_CONVERSION = YES;
				CLANG_WARN_OBJC_IMPLICIT_RETAIN_SELF = YES;
				CLANG_WARN_OBJC_LITERAL_CONVERSION = YES;
				CLANG_WARN_OBJC_ROOT_CLASS = YES_ERROR;
				CLANG_WARN_QUOTED_INCLUDE_IN_FRAMEWORK_HEADER = YES;
				CLANG_WARN_RANGE_LOOP_ANALYSIS = YES;
				CLANG_WARN_STRICT_PROTOTYPES = YES;
				CLANG_WARN_SUSPICIOUS_MOVE = YES;
				CLANG_WARN_UNGUARDED_AVAILABILITY = YES_AGGRESSIVE;
				CLANG_WARN_UNREACHABLE_CODE = YES;
				CLANG_WARN__DUPLICATE_METHOD_MATCH = YES;
				COPY_PHASE_STRIP = NO;
				DEBUG_INFORMATION_FORMAT = "dwarf-with-dsym";
				ENABLE_NS_ASSERTIONS = NO;
				ENABLE_STRICT_OBJC_MSGSEND = YES;
				GCC_C_LANGUAGE_STANDARD = gnu11;
				GCC_NO_COMMON_BLOCKS = YES;
				GCC_WARN_64_TO_32_BIT_CONVERSION = YES;
				GCC_WARN_ABOUT_RETURN_TYPE = YES_ERROR;
				GCC_WARN_UNDECLARED_SELECTOR = YES;
				GCC_WARN_UNINITIALIZED_AUTOS = YES_AGGRESSIVE;
				GCC_WARN_UNUSED_FUNCTION = YES;
				GCC_WARN_UNUSED_VARIABLE = YES;
				IPHONEOS_DEPLOYMENT_TARGET = 15.2;
				MTL_ENABLE_DEBUG_INFO = NO;
				MTL_FAST_MATH = YES;
				SDKROOT = iphoneos;
				SWIFT_COMPILATION_MODE = wholemodule;
				SWIFT_OPTIMIZATION_LEVEL = "-O";
				VALIDATE_PRODUCT = YES;
			};
			name = Release;
		};
		04050FB927E8E1CE00396D9D /* Debug */ = {
			isa = XCBuildConfiguration;
			buildSettings = {
				ASSETCATALOG_COMPILER_APPICON_NAME = AppIcon;
				ASSETCATALOG_COMPILER_GLOBAL_ACCENT_COLOR_NAME = AccentColor;
				CODE_SIGN_STYLE = Automatic;
				CURRENT_PROJECT_VERSION = 1;
				DEVELOPMENT_TEAM = L5KQK28X5U;
				GENERATE_INFOPLIST_FILE = YES;
				INFOPLIST_FILE = TeesasApp/Info.plist;
				INFOPLIST_KEY_UIApplicationSupportsIndirectInputEvents = YES;
				INFOPLIST_KEY_UILaunchStoryboardName = LaunchScreen;
				INFOPLIST_KEY_UISupportedInterfaceOrientations_iPad = "UIInterfaceOrientationPortrait UIInterfaceOrientationPortraitUpsideDown UIInterfaceOrientationLandscapeLeft UIInterfaceOrientationLandscapeRight";
				INFOPLIST_KEY_UISupportedInterfaceOrientations_iPhone = "UIInterfaceOrientationPortrait UIInterfaceOrientationLandscapeLeft UIInterfaceOrientationLandscapeRight";
				LD_RUNPATH_SEARCH_PATHS = (
					"$(inherited)",
					"@executable_path/Frameworks",
				);
				MARKETING_VERSION = 1.0;
				PRODUCT_BUNDLE_IDENTIFIER = "com.dev-tes.TeesasApp";
				PRODUCT_NAME = "$(TARGET_NAME)";
				SWIFT_EMIT_LOC_STRINGS = YES;
				SWIFT_VERSION = 5.0;
				TARGETED_DEVICE_FAMILY = "1,2";
			};
			name = Debug;
		};
		04050FBA27E8E1CE00396D9D /* Release */ = {
			isa = XCBuildConfiguration;
			buildSettings = {
				ASSETCATALOG_COMPILER_APPICON_NAME = AppIcon;
				ASSETCATALOG_COMPILER_GLOBAL_ACCENT_COLOR_NAME = AccentColor;
				CODE_SIGN_STYLE = Automatic;
				CURRENT_PROJECT_VERSION = 1;
				DEVELOPMENT_TEAM = L5KQK28X5U;
				GENERATE_INFOPLIST_FILE = YES;
				INFOPLIST_FILE = TeesasApp/Info.plist;
				INFOPLIST_KEY_UIApplicationSupportsIndirectInputEvents = YES;
				INFOPLIST_KEY_UILaunchStoryboardName = LaunchScreen;
				INFOPLIST_KEY_UISupportedInterfaceOrientations_iPad = "UIInterfaceOrientationPortrait UIInterfaceOrientationPortraitUpsideDown UIInterfaceOrientationLandscapeLeft UIInterfaceOrientationLandscapeRight";
				INFOPLIST_KEY_UISupportedInterfaceOrientations_iPhone = "UIInterfaceOrientationPortrait UIInterfaceOrientationLandscapeLeft UIInterfaceOrientationLandscapeRight";
				LD_RUNPATH_SEARCH_PATHS = (
					"$(inherited)",
					"@executable_path/Frameworks",
				);
				MARKETING_VERSION = 1.0;
				PRODUCT_BUNDLE_IDENTIFIER = "com.dev-tes.TeesasApp";
				PRODUCT_NAME = "$(TARGET_NAME)";
				SWIFT_EMIT_LOC_STRINGS = YES;
				SWIFT_VERSION = 5.0;
				TARGETED_DEVICE_FAMILY = "1,2";
			};
			name = Release;
		};
		04050FBC27E8E1CE00396D9D /* Debug */ = {
			isa = XCBuildConfiguration;
			buildSettings = {
				ALWAYS_EMBED_SWIFT_STANDARD_LIBRARIES = YES;
				BUNDLE_LOADER = "$(TEST_HOST)";
				CODE_SIGN_STYLE = Automatic;
				CURRENT_PROJECT_VERSION = 1;
				DEVELOPMENT_TEAM = L5KQK28X5U;
				GENERATE_INFOPLIST_FILE = YES;
				IPHONEOS_DEPLOYMENT_TARGET = 15.2;
				MARKETING_VERSION = 1.0;
				PRODUCT_BUNDLE_IDENTIFIER = "com.dev-tes.TeesasAppTests";
				PRODUCT_NAME = "$(TARGET_NAME)";
				SWIFT_EMIT_LOC_STRINGS = NO;
				SWIFT_VERSION = 5.0;
				TARGETED_DEVICE_FAMILY = "1,2";
				TEST_HOST = "$(BUILT_PRODUCTS_DIR)/TeesasApp.app/TeesasApp";
			};
			name = Debug;
		};
		04050FBD27E8E1CE00396D9D /* Release */ = {
			isa = XCBuildConfiguration;
			buildSettings = {
				ALWAYS_EMBED_SWIFT_STANDARD_LIBRARIES = YES;
				BUNDLE_LOADER = "$(TEST_HOST)";
				CODE_SIGN_STYLE = Automatic;
				CURRENT_PROJECT_VERSION = 1;
				DEVELOPMENT_TEAM = L5KQK28X5U;
				GENERATE_INFOPLIST_FILE = YES;
				IPHONEOS_DEPLOYMENT_TARGET = 15.2;
				MARKETING_VERSION = 1.0;
				PRODUCT_BUNDLE_IDENTIFIER = "com.dev-tes.TeesasAppTests";
				PRODUCT_NAME = "$(TARGET_NAME)";
				SWIFT_EMIT_LOC_STRINGS = NO;
				SWIFT_VERSION = 5.0;
				TARGETED_DEVICE_FAMILY = "1,2";
				TEST_HOST = "$(BUILT_PRODUCTS_DIR)/TeesasApp.app/TeesasApp";
			};
			name = Release;
		};
/* End XCBuildConfiguration section */

/* Begin XCConfigurationList section */
		04050F8927E8E1CC00396D9D /* Build configuration list for PBXProject "TeesasApp" */ = {
			isa = XCConfigurationList;
			buildConfigurations = (
				04050FB627E8E1CE00396D9D /* Debug */,
				04050FB727E8E1CE00396D9D /* Release */,
			);
			defaultConfigurationIsVisible = 0;
			defaultConfigurationName = Release;
		};
		04050FB827E8E1CE00396D9D /* Build configuration list for PBXNativeTarget "TeesasApp" */ = {
			isa = XCConfigurationList;
			buildConfigurations = (
				04050FB927E8E1CE00396D9D /* Debug */,
				04050FBA27E8E1CE00396D9D /* Release */,
			);
			defaultConfigurationIsVisible = 0;
			defaultConfigurationName = Release;
		};
		04050FBB27E8E1CE00396D9D /* Build configuration list for PBXNativeTarget "TeesasAppTests" */ = {
			isa = XCConfigurationList;
			buildConfigurations = (
				04050FBC27E8E1CE00396D9D /* Debug */,
				04050FBD27E8E1CE00396D9D /* Release */,
			);
			defaultConfigurationIsVisible = 0;
			defaultConfigurationName = Release;
		};
/* End XCConfigurationList section */
	};
	rootObject = 04050F8627E8E1CC00396D9D /* Project object */;
}
